
Microsoft Visual Studio Solution File, Format Version 12.00
# Visual Studio Version 16
VisualStudioVersion = 16.0.30104.148
MinimumVisualStudioVersion = 10.0.40219.1
Project("{FAE04EC0-301F-11D3-BF4B-00C04F79EFBC}") = "Task 1.1", "Lesson 2-3, Topik 1\Task 1.1.csproj", "{9FAD4376-D3CC-4098-B203-7559FFF2D855}"
EndProject
Project("{FAE04EC0-301F-11D3-BF4B-00C04F79EFBC}") = "Task 1.2", "Task 1.2\Task 1.2.csproj", "{4767E61C-2AA3-43F2-B548-0CF91FD5EFD0}"
EndProject
Global
	GlobalSection(SolutionConfigurationPlatforms) = preSolution
		Debug|Any CPU = Debug|Any CPU
		Release|Any CPU = Release|Any CPU
	EndGlobalSection
	GlobalSection(ProjectConfigurationPlatforms) = postSolution
		{9FAD4376-D3CC-4098-B203-7559FFF2D855}.Debug|Any CPU.ActiveCfg = Debug|Any CPU
		{9FAD4376-D3CC-4098-B203-7559FFF2D855}.Debug|Any CPU.Build.0 = Debug|Any CPU
		{9FAD4376-D3CC-4098-B203-7559FFF2D855}.Release|Any CPU.ActiveCfg = Release|Any CPU
		{9FAD4376-D3CC-4098-B203-7559FFF2D855}.Release|Any CPU.Build.0 = Release|Any CPU
		{4767E61C-2AA3-43F2-B548-0CF91FD5EFD0}.Debug|Any CPU.ActiveCfg = Debug|Any CPU
		{4767E61C-2AA3-43F2-B548-0CF91FD5EFD0}.Debug|Any CPU.Build.0 = Debug|Any CPU
		{4767E61C-2AA3-43F2-B548-0CF91FD5EFD0}.Release|Any CPU.ActiveCfg = Release|Any CPU
		{4767E61C-2AA3-43F2-B548-0CF91FD5EFD0}.Release|Any CPU.Build.0 = Release|Any CPU
	EndGlobalSection
	GlobalSection(SolutionProperties) = preSolution
		HideSolutionNode = FALSE
	EndGlobalSection
	GlobalSection(ExtensibilityGlobals) = postSolution
		SolutionGuid = {18F32AFE-28AB-484C-A30B-6471D239401A}
	EndGlobalSection
EndGlobal
