
Microsoft Visual Studio Solution File, Format Version 12.00
# Visual Studio Version 16
VisualStudioVersion = 16.0.30104.148
MinimumVisualStudioVersion = 10.0.40219.1
Project("{9A19103F-16F7-4668-BE54-9A1E7A4F7556}") = "2.1.1", "2.1.1\2.1.1.csproj", "{3BF730DB-C936-4765-8850-D184F586E5C1}"
EndProject
Project("{9A19103F-16F7-4668-BE54-9A1E7A4F7556}") = "2.1.2", "2.1.2\2.1.2.csproj", "{C0892AA9-40D2-4112-AE6C-14DE29A4986E}"
EndProject
Project("{9A19103F-16F7-4668-BE54-9A1E7A4F7556}") = "CString", "CString\CString.csproj", "{6C42DFB4-85C2-4436-A73B-E6CBFA8E4DA7}"
EndProject
Project("{FAE04EC0-301F-11D3-BF4B-00C04F79EFBC}") = "2.2", "2.2\2.2.csproj", "{72B2268E-06DD-4611-A429-1B6C8064ADA7}"
EndProject
Global
	GlobalSection(SolutionConfigurationPlatforms) = preSolution
		Debug|Any CPU = Debug|Any CPU
		Release|Any CPU = Release|Any CPU
	EndGlobalSection
	GlobalSection(ProjectConfigurationPlatforms) = postSolution
		{3BF730DB-C936-4765-8850-D184F586E5C1}.Debug|Any CPU.ActiveCfg = Debug|Any CPU
		{3BF730DB-C936-4765-8850-D184F586E5C1}.Debug|Any CPU.Build.0 = Debug|Any CPU
		{3BF730DB-C936-4765-8850-D184F586E5C1}.Release|Any CPU.ActiveCfg = Release|Any CPU
		{3BF730DB-C936-4765-8850-D184F586E5C1}.Release|Any CPU.Build.0 = Release|Any CPU
		{C0892AA9-40D2-4112-AE6C-14DE29A4986E}.Debug|Any CPU.ActiveCfg = Debug|Any CPU
		{C0892AA9-40D2-4112-AE6C-14DE29A4986E}.Debug|Any CPU.Build.0 = Debug|Any CPU
		{C0892AA9-40D2-4112-AE6C-14DE29A4986E}.Release|Any CPU.ActiveCfg = Release|Any CPU
		{C0892AA9-40D2-4112-AE6C-14DE29A4986E}.Release|Any CPU.Build.0 = Release|Any CPU
		{6C42DFB4-85C2-4436-A73B-E6CBFA8E4DA7}.Debug|Any CPU.ActiveCfg = Debug|Any CPU
		{6C42DFB4-85C2-4436-A73B-E6CBFA8E4DA7}.Debug|Any CPU.Build.0 = Debug|Any CPU
		{6C42DFB4-85C2-4436-A73B-E6CBFA8E4DA7}.Release|Any CPU.ActiveCfg = Release|Any CPU
		{6C42DFB4-85C2-4436-A73B-E6CBFA8E4DA7}.Release|Any CPU.Build.0 = Release|Any CPU
		{72B2268E-06DD-4611-A429-1B6C8064ADA7}.Debug|Any CPU.ActiveCfg = Debug|Any CPU
		{72B2268E-06DD-4611-A429-1B6C8064ADA7}.Debug|Any CPU.Build.0 = Debug|Any CPU
		{72B2268E-06DD-4611-A429-1B6C8064ADA7}.Release|Any CPU.ActiveCfg = Release|Any CPU
		{72B2268E-06DD-4611-A429-1B6C8064ADA7}.Release|Any CPU.Build.0 = Release|Any CPU
	EndGlobalSection
	GlobalSection(SolutionProperties) = preSolution
		HideSolutionNode = FALSE
	EndGlobalSection
	GlobalSection(ExtensibilityGlobals) = postSolution
		SolutionGuid = {BD3BC20A-D768-4BDF-AD91-935369EAB20D}
	EndGlobalSection
EndGlobal
